
Microsoft Visual Studio Solution File, Format Version 12.00
# Visual Studio 14
VisualStudioVersion = 14.0.25420.1
MinimumVisualStudioVersion = 10.0.40219.1
Project("{FAE04EC0-301F-11D3-BF4B-00C04F79EFBC}") = "Graphs", "Graphs\Graphs.csproj", "{AB4CC82A-A089-4C44-8B35-19FD03B4662E}"
EndProject
Project("{FAE04EC0-301F-11D3-BF4B-00C04F79EFBC}") = "TestGraphConsole", "TestGraphConsole\TestGraphConsole.csproj", "{C25A05CF-18E2-4B17-ABDD-860288127FCE}"
EndProject
Global
	GlobalSection(SolutionConfigurationPlatforms) = preSolution
		Debug|Any CPU = Debug|Any CPU
		Release|Any CPU = Release|Any CPU
	EndGlobalSection
	GlobalSection(ProjectConfigurationPlatforms) = postSolution
		{AB4CC82A-A089-4C44-8B35-19FD03B4662E}.Debug|Any CPU.ActiveCfg = Debug|Any CPU
		{AB4CC82A-A089-4C44-8B35-19FD03B4662E}.Debug|Any CPU.Build.0 = Debug|Any CPU
		{AB4CC82A-A089-4C44-8B35-19FD03B4662E}.Release|Any CPU.ActiveCfg = Release|Any CPU
		{AB4CC82A-A089-4C44-8B35-19FD03B4662E}.Release|Any CPU.Build.0 = Release|Any CPU
		{C25A05CF-18E2-4B17-ABDD-860288127FCE}.Debug|Any CPU.ActiveCfg = Debug|Any CPU
		{C25A05CF-18E2-4B17-ABDD-860288127FCE}.Debug|Any CPU.Build.0 = Debug|Any CPU
		{C25A05CF-18E2-4B17-ABDD-860288127FCE}.Release|Any CPU.ActiveCfg = Release|Any CPU
		{C25A05CF-18E2-4B17-ABDD-860288127FCE}.Release|Any CPU.Build.0 = Release|Any CPU
	EndGlobalSection
	GlobalSection(SolutionProperties) = preSolution
		HideSolutionNode = FALSE
	EndGlobalSection
EndGlobal
